
Microsoft Visual Studio Solution File, Format Version 12.00
# Visual Studio Version 16
VisualStudioVersion = 16.0.31424.327
MinimumVisualStudioVersion = 10.0.40219.1
Project("{FAE04EC0-301F-11D3-BF4B-00C04F79EFBC}") = "WebApplication2", "WebApplication2\WebApplication2.csproj", "{1A68D664-022B-4156-B600-781C7FCCBBF0}"
EndProject
Global
	GlobalSection(SolutionConfigurationPlatforms) = preSolution
		Debug|Any CPU = Debug|Any CPU
		Release|Any CPU = Release|Any CPU
	EndGlobalSection
	GlobalSection(ProjectConfigurationPlatforms) = postSolution
		{1A68D664-022B-4156-B600-781C7FCCBBF0}.Debug|Any CPU.ActiveCfg = Debug|Any CPU
		{1A68D664-022B-4156-B600-781C7FCCBBF0}.Debug|Any CPU.Build.0 = Debug|Any CPU
		{1A68D664-022B-4156-B600-781C7FCCBBF0}.Release|Any CPU.ActiveCfg = Release|Any CPU
		{1A68D664-022B-4156-B600-781C7FCCBBF0}.Release|Any CPU.Build.0 = Release|Any CPU
	EndGlobalSection
	GlobalSection(SolutionProperties) = preSolution
		HideSolutionNode = FALSE
	EndGlobalSection
	GlobalSection(ExtensibilityGlobals) = postSolution
		SolutionGuid = {D799D03E-AB16-4A6B-BEE1-01EFC01B6E4E}
	EndGlobalSection
EndGlobal
